
Microsoft Visual Studio Solution File, Format Version 12.00
# Visual Studio Version 17
VisualStudioVersion = 17.13.35825.156
MinimumVisualStudioVersion = 10.0.40219.1
Project("{FAE04EC0-301F-11D3-BF4B-00C04F79EFBC}") = "ONYX_DDAC", "ONYX_DDAC.csproj", "{D9ECA4AC-83DB-4CFA-A348-197DF662F02E}"
EndProject
Global
	GlobalSection(SolutionConfigurationPlatforms) = preSolution
		Debug|Any CPU = Debug|Any CPU
		Release|Any CPU = Release|Any CPU
	EndGlobalSection
	GlobalSection(ProjectConfigurationPlatforms) = postSolution
		{D9ECA4AC-83DB-4CFA-A348-197DF662F02E}.Debug|Any CPU.ActiveCfg = Debug|Any CPU
		{D9ECA4AC-83DB-4CFA-A348-197DF662F02E}.Debug|Any CPU.Build.0 = Debug|Any CPU
		{D9ECA4AC-83DB-4CFA-A348-197DF662F02E}.Release|Any CPU.ActiveCfg = Release|Any CPU
		{D9ECA4AC-83DB-4CFA-A348-197DF662F02E}.Release|Any CPU.Build.0 = Release|Any CPU
	EndGlobalSection
	GlobalSection(SolutionProperties) = preSolution
		HideSolutionNode = FALSE
	EndGlobalSection
	GlobalSection(ExtensibilityGlobals) = postSolution
		SolutionGuid = {3CA5E903-E706-43E1-9C3B-731E368407FA}
	EndGlobalSection
EndGlobal
